
Microsoft Visual Studio Solution File, Format Version 12.00
# Visual Studio Version 17
VisualStudioVersion = 17.10.35013.160
MinimumVisualStudioVersion = 10.0.40219.1
Project("{FAE04EC0-301F-11D3-BF4B-00C04F79EFBC}") = "NewAchaRentzApp", "NewAchaRentzApp\NewAchaRentzApp.csproj", "{9E5AB317-EA5D-4EDE-A6A7-DC3974E6B762}"
EndProject
Global
	GlobalSection(SolutionConfigurationPlatforms) = preSolution
		Debug|Any CPU = Debug|Any CPU
		Release|Any CPU = Release|Any CPU
	EndGlobalSection
	GlobalSection(ProjectConfigurationPlatforms) = postSolution
		{9E5AB317-EA5D-4EDE-A6A7-DC3974E6B762}.Debug|Any CPU.ActiveCfg = Debug|Any CPU
		{9E5AB317-EA5D-4EDE-A6A7-DC3974E6B762}.Debug|Any CPU.Build.0 = Debug|Any CPU
		{9E5AB317-EA5D-4EDE-A6A7-DC3974E6B762}.Release|Any CPU.ActiveCfg = Release|Any CPU
		{9E5AB317-EA5D-4EDE-A6A7-DC3974E6B762}.Release|Any CPU.Build.0 = Release|Any CPU
	EndGlobalSection
	GlobalSection(SolutionProperties) = preSolution
		HideSolutionNode = FALSE
	EndGlobalSection
	GlobalSection(ExtensibilityGlobals) = postSolution
		SolutionGuid = {80002D3C-F934-42CA-A834-818FB663A82A}
	EndGlobalSection
EndGlobal
